{
  "name": "web大作业",
  "lockfileVersion": 2,
  "requires": true,
  "packages": {
    "": {
      "dependencies": {
        "animate.css": "^4.1.1",
        "jquery": "^3.6.1",
        "layui": "^2.8.0-beta.3"
      }
    },
    "node_modules/animate.css": {
      "version": "4.1.1",
      "resolved": "https://mirrors.cloud.tencent.com/npm/animate.css/-/animate.css-4.1.1.tgz",
      "integrity": "sha512-+mRmCTv6SbCmtYJCN4faJMNFVNN5EuCTTprDTAo7YzIGji2KADmakjVA3+8mVDkZ2Bf09vayB35lSQIex2+QaQ==",
      "license": "MIT"
    },
    "node_modules/jquery": {
      "version": "3.6.1",
      "resolved": "https://mirrors.cloud.tencent.com/npm/jquery/-/jquery-3.6.1.tgz",
      "integrity": "sha512-opJeO4nCucVnsjiXOE+/PcCgYw9Gwpvs/a6B1LL/lQhwWwpbVEVYDZ1FokFr8PRc7ghYlrFPuyHuiiDNTQxmcw==",
      "license": "MIT"
    },
    "node_modules/layui": {
      "version": "2.8.0-beta.3",
      "resolved": "https://mirrors.cloud.tencent.com/npm/layui/-/layui-2.8.0-beta.3.tgz",
      "integrity": "sha512-HrtqvfUZlUsyBo76Mnb40BWfhbPVYdwOdRwqQhAInEeSbILUrCdvqYvUihddwIEdFIHUqyWQDZ8siQvbhgjo0g==",
      "license": "MIT"
    }
  },
  "dependencies": {
    "animate.css": {
      "version": "4.1.1",
      "resolved": "https://mirrors.cloud.tencent.com/npm/animate.css/-/animate.css-4.1.1.tgz",
      "integrity": "sha512-+mRmCTv6SbCmtYJCN4faJMNFVNN5EuCTTprDTAo7YzIGji2KADmakjVA3+8mVDkZ2Bf09vayB35lSQIex2+QaQ=="
    },
    "jquery": {
      "version": "3.6.1",
      "resolved": "https://mirrors.cloud.tencent.com/npm/jquery/-/jquery-3.6.1.tgz",
      "integrity": "sha512-opJeO4nCucVnsjiXOE+/PcCgYw9Gwpvs/a6B1LL/lQhwWwpbVEVYDZ1FokFr8PRc7ghYlrFPuyHuiiDNTQxmcw=="
    },
    "layui": {
      "version": "2.8.0-beta.3",
      "resolved": "https://mirrors.cloud.tencent.com/npm/layui/-/layui-2.8.0-beta.3.tgz",
      "integrity": "sha512-HrtqvfUZlUsyBo76Mnb40BWfhbPVYdwOdRwqQhAInEeSbILUrCdvqYvUihddwIEdFIHUqyWQDZ8siQvbhgjo0g=="
    }
  }
}
